// !$*UTF8*$!
{
	archiveVersion = 1;
	classes = {
	};
	objectVersion = 50;
	objects = {

/* Begin PBXBuildFile section */
		040291C2266C0C5F00491B5C /* CatListVC.swift in Sources */ = {isa = PBXBuildFile; fileRef = 040291C1266C0C5F00491B5C /* CatListVC.swift */; };
		040291C4266CE2AA00491B5C /* ClarifaiCat.swift in Sources */ = {isa = PBXBuildFile; fileRef = 040291C3266CE2AA00491B5C /* ClarifaiCat.swift */; };
		047F119B266952C600DD7E23 /* NetworkService.swift in Sources */ = {isa = PBXBuildFile; fileRef = 047F119A266952C600DD7E23 /* NetworkService.swift */; };
		04F9E6FB265181950010B397 /* AppDelegate.swift in Sources */ = {isa = PBXBuildFile; fileRef = 04F9E6FA265181950010B397 /* AppDelegate.swift */; };
		04F9E6FD265181950010B397 /* SceneDelegate.swift in Sources */ = {isa = PBXBuildFile; fileRef = 04F9E6FC265181950010B397 /* SceneDelegate.swift */; };
		04F9E6FF265181950010B397 /* ViewController.swift in Sources */ = {isa = PBXBuildFile; fileRef = 04F9E6FE265181950010B397 /* ViewController.swift */; };
		04F9E702265181950010B397 /* Main.storyboard in Resources */ = {isa = PBXBuildFile; fileRef = 04F9E700265181950010B397 /* Main.storyboard */; };
		04F9E7042651819A0010B397 /* Assets.xcassets in Resources */ = {isa = PBXBuildFile; fileRef = 04F9E7032651819A0010B397 /* Assets.xcassets */; };
		04F9E7072651819A0010B397 /* LaunchScreen.storyboard in Resources */ = {isa = PBXBuildFile; fileRef = 04F9E7052651819A0010B397 /* LaunchScreen.storyboard */; };
/* End PBXBuildFile section */

/* Begin PBXFileReference section */
		040291C1266C0C5F00491B5C /* CatListVC.swift */ = {isa = PBXFileReference; lastKnownFileType = sourcecode.swift; path = CatListVC.swift; sourceTree = "<group>"; };
		040291C3266CE2AA00491B5C /* ClarifaiCat.swift */ = {isa = PBXFileReference; lastKnownFileType = sourcecode.swift; path = ClarifaiCat.swift; sourceTree = "<group>"; };
		047F119A266952C600DD7E23 /* NetworkService.swift */ = {isa = PBXFileReference; lastKnownFileType = sourcecode.swift; path = NetworkService.swift; sourceTree = "<group>"; };
		04F9E6F7265181950010B397 /* Cat API Server(complete).app */ = {isa = PBXFileReference; explicitFileType = wrapper.application; includeInIndex = 0; path = "Cat API Server(complete).app"; sourceTree = BUILT_PRODUCTS_DIR; };
		04F9E6FA265181950010B397 /* AppDelegate.swift */ = {isa = PBXFileReference; lastKnownFileType = sourcecode.swift; path = AppDelegate.swift; sourceTree = "<group>"; };
		04F9E6FC265181950010B397 /* SceneDelegate.swift */ = {isa = PBXFileReference; lastKnownFileType = sourcecode.swift; path = SceneDelegate.swift; sourceTree = "<group>"; };
		04F9E6FE265181950010B397 /* ViewController.swift */ = {isa = PBXFileReference; lastKnownFileType = sourcecode.swift; path = ViewController.swift; sourceTree = "<group>"; };
		04F9E701265181950010B397 /* Base */ = {isa = PBXFileReference; lastKnownFileType = file.storyboard; name = Base; path = Base.lproj/Main.storyboard; sourceTree = "<group>"; };
		04F9E7032651819A0010B397 /* Assets.xcassets */ = {isa = PBXFileReference; lastKnownFileType = folder.assetcatalog; path = Assets.xcassets; sourceTree = "<group>"; };
		04F9E7062651819A0010B397 /* Base */ = {isa = PBXFileReference; lastKnownFileType = file.storyboard; name = Base; path = Base.lproj/LaunchScreen.storyboard; sourceTree = "<group>"; };
		04F9E7082651819A0010B397 /* Info.plist */ = {isa = PBXFileReference; lastKnownFileType = text.plist.xml; path = Info.plist; sourceTree = "<group>"; };
/* End PBXFileReference section */

/* Begin PBXFrameworksBuildPhase section */
		04F9E6F4265181950010B397 /* Frameworks */ = {
			isa = PBXFrameworksBuildPhase;
			buildActionMask = 2147483647;
			files = (
			);
			runOnlyForDeploymentPostprocessing = 0;
		};
/* End PBXFrameworksBuildPhase section */

/* Begin PBXGroup section */
		04F9E6EE265181950010B397 = {
			isa = PBXGroup;
			children = (
				04F9E6F9265181950010B397 /* ROUGH API2 */,
				04F9E6F8265181950010B397 /* Products */,
			);
			sourceTree = "<group>";
		};
		04F9E6F8265181950010B397 /* Products */ = {
			isa = PBXGroup;
			children = (
				04F9E6F7265181950010B397 /* Cat API Server(complete).app */,
			);
			name = Products;
			sourceTree = "<group>";
		};
		04F9E6F9265181950010B397 /* ROUGH API2 */ = {
			isa = PBXGroup;
			children = (
				04F9E6FA265181950010B397 /* AppDelegate.swift */,
				04F9E6FC265181950010B397 /* SceneDelegate.swift */,
				04F9E6FE265181950010B397 /* ViewController.swift */,
				04F9E700265181950010B397 /* Main.storyboard */,
				04F9E7032651819A0010B397 /* Assets.xcassets */,
				04F9E7052651819A0010B397 /* LaunchScreen.storyboard */,
				04F9E7082651819A0010B397 /* Info.plist */,
				047F119A266952C600DD7E23 /* NetworkService.swift */,
				040291C1266C0C5F00491B5C /* CatListVC.swift */,
				040291C3266CE2AA00491B5C /* ClarifaiCat.swift */,
			);
			path = "ROUGH API2";
			sourceTree = "<group>";
		};
/* End PBXGroup section */

/* Begin PBXNativeTarget section */
		04F9E6F6265181950010B397 /* Cat API Server(complete) */ = {
			isa = PBXNativeTarget;
			buildConfigurationList = 04F9E70B2651819A0010B397 /* Build configuration list for PBXNativeTarget "Cat API Server(complete)" */;
			buildPhases = (
				04F9E6F3265181950010B397 /* Sources */,
				04F9E6F4265181950010B397 /* Frameworks */,
				04F9E6F5265181950010B397 /* Resources */,
			);
			buildRules = (
			);
			dependencies = (
			);
			name = "Cat API Server(complete)";
			productName = "ROUGH API2";
			productReference = 04F9E6F7265181950010B397 /* Cat API Server(complete).app */;
			productType = "com.apple.product-type.application";
		};
/* End PBXNativeTarget section */

/* Begin PBXProject section */
		04F9E6EF265181950010B397 /* Project object */ = {
			isa = PBXProject;
			attributes = {
				LastSwiftUpdateCheck = 1250;
				LastUpgradeCheck = 1250;
				TargetAttributes = {
					04F9E6F6265181950010B397 = {
						CreatedOnToolsVersion = 12.5;
					};
				};
			};
			buildConfigurationList = 04F9E6F2265181950010B397 /* Build configuration list for PBXProject "Cat API Server(complete)" */;
			compatibilityVersion = "Xcode 9.3";
			developmentRegion = en;
			hasScannedForEncodings = 0;
			knownRegions = (
				en,
				Base,
			);
			mainGroup = 04F9E6EE265181950010B397;
			productRefGroup = 04F9E6F8265181950010B397 /* Products */;
			projectDirPath = "";
			projectRoot = "";
			targets = (
				04F9E6F6265181950010B397 /* Cat API Server(complete) */,
			);
		};
/* End PBXProject section */

/* Begin PBXResourcesBuildPhase section */
		04F9E6F5265181950010B397 /* Resources */ = {
			isa = PBXResourcesBuildPhase;
			buildActionMask = 2147483647;
			files = (
				04F9E7072651819A0010B397 /* LaunchScreen.storyboard in Resources */,
				04F9E7042651819A0010B397 /* Assets.xcassets in Resources */,
				04F9E702265181950010B397 /* Main.storyboard in Resources */,
			);
			runOnlyForDeploymentPostprocessing = 0;
		};
/* End PBXResourcesBuildPhase section */

/* Begin PBXSourcesBuildPhase section */
		04F9E6F3265181950010B397 /* Sources */ = {
			isa = PBXSourcesBuildPhase;
			buildActionMask = 2147483647;
			files = (
				04F9E6FF265181950010B397 /* ViewController.swift in Sources */,
				040291C4266CE2AA00491B5C /* ClarifaiCat.swift in Sources */,
				040291C2266C0C5F00491B5C /* CatListVC.swift in Sources */,
				04F9E6FB265181950010B397 /* AppDelegate.swift in Sources */,
				047F119B266952C600DD7E23 /* NetworkService.swift in Sources */,
				04F9E6FD265181950010B397 /* SceneDelegate.swift in Sources */,
			);
			runOnlyForDeploymentPostprocessing = 0;
		};
/* End PBXSourcesBuildPhase section */

/* Begin PBXVariantGroup section */
		04F9E700265181950010B397 /* Main.storyboard */ = {
			isa = PBXVariantGroup;
			children = (
				04F9E701265181950010B397 /* Base */,
			);
			name = Main.storyboard;
			sourceTree = "<group>";
		};
		04F9E7052651819A0010B397 /* LaunchScreen.storyboard */ = {
			isa = PBXVariantGroup;
			children = (
				04F9E7062651819A0010B397 /* Base */,
			);
			name = LaunchScreen.storyboard;
			sourceTree = "<group>";
		};
/* End PBXVariantGroup section */

/* Begin XCBuildConfiguration section */
		04F9E7092651819A0010B397 /* Debug */ = {
			isa = XCBuildConfiguration;
			buildSettings = {
				ALWAYS_SEARCH_USER_PATHS = NO;
				CLANG_ANALYZER_NONNULL = YES;
				CLANG_ANALYZER_NUMBER_OBJECT_CONVERSION = YES_AGGRESSIVE;
				CLANG_CXX_LANGUAGE_STANDARD = "gnu++14";
				CLANG_CXX_LIBRARY = "libc++";
				CLANG_ENABLE_MODULES = YES;
				CLANG_ENABLE_OBJC_ARC = YES;
				CLANG_ENABLE_OBJC_WEAK = YES;
				CLANG_WARN_BLOCK_CAPTURE_AUTORELEASING = YES;
				CLANG_WARN_BOOL_CONVERSION = YES;
				CLANG_WARN_COMMA = YES;
				CLANG_WARN_CONSTANT_CONVERSION = YES;
				CLANG_WARN_DEPRECATED_OBJC_IMPLEMENTATIONS = YES;
				CLANG_WARN_DIRECT_OBJC_ISA_USAGE = YES_ERROR;
				CLANG_WARN_DOCUMENTATION_COMMENTS = YES;
				CLANG_WARN_EMPTY_BODY = YES;
				CLANG_WARN_ENUM_CONVERSION = YES;
				CLANG_WARN_INFINITE_RECURSION = YES;
				CLANG_WARN_INT_CONVERSION = YES;
				CLANG_WARN_NON_LITERAL_NULL_CONVERSION = YES;
				CLANG_WARN_OBJC_IMPLICIT_RETAIN_SELF = YES;
				CLANG_WARN_OBJC_LITERAL_CONVERSION = YES;
				CLANG_WARN_OBJC_ROOT_CLASS = YES_ERROR;
				CLANG_WARN_QUOTED_INCLUDE_IN_FRAMEWORK_HEADER = YES;
				CLANG_WARN_RANGE_LOOP_ANALYSIS = YES;
				CLANG_WARN_STRICT_PROTOTYPES = YES;
				CLANG_WARN_SUSPICIOUS_MOVE = YES;
				CLANG_WARN_UNGUARDED_AVAILABILITY = YES_AGGRESSIVE;
				CLANG_WARN_UNREACHABLE_CODE = YES;
				CLANG_WARN__DUPLICATE_METHOD_MATCH = YES;
				COPY_PHASE_STRIP = NO;
				DEBUG_INFORMATION_FORMAT = dwarf;
				ENABLE_STRICT_OBJC_MSGSEND = YES;
				ENABLE_TESTABILITY = YES;
				GCC_C_LANGUAGE_STANDARD = gnu11;
				GCC_DYNAMIC_NO_PIC = NO;
				GCC_NO_COMMON_BLOCKS = YES;
				GCC_OPTIMIZATION_LEVEL = 0;
				GCC_PREPROCESSOR_DEFINITIONS = (
					"DEBUG=1",
					"$(inherited)",
				);
				GCC_WARN_64_TO_32_BIT_CONVERSION = YES;
				GCC_WARN_ABOUT_RETURN_TYPE = YES_ERROR;
				GCC_WARN_UNDECLARED_SELECTOR = YES;
				GCC_WARN_UNINITIALIZED_AUTOS = YES_AGGRESSIVE;
				GCC_WARN_UNUSED_FUNCTION = YES;
				GCC_WARN_UNUSED_VARIABLE = YES;
				IPHONEOS_DEPLOYMENT_TARGET = 14.5;
				MTL_ENABLE_DEBUG_INFO = INCLUDE_SOURCE;
				MTL_FAST_MATH = YES;
				ONLY_ACTIVE_ARCH = YES;
				SDKROOT = iphoneos;
				SWIFT_ACTIVE_COMPILATION_CONDITIONS = DEBUG;
				SWIFT_OPTIMIZATION_LEVEL = "-Onone";
			};
			name = Debug;
		};
		04F9E70A2651819A0010B397 /* Release */ = {
			isa = XCBuildConfiguration;
			buildSettings = {
				ALWAYS_SEARCH_USER_PATHS = NO;
				CLANG_ANALYZER_NONNULL = YES;
				CLANG_ANALYZER_NUMBER_OBJECT_CONVERSION = YES_AGGRESSIVE;
				CLANG_CXX_LANGUAGE_STANDARD = "gnu++14";
				CLANG_CXX_LIBRARY = "libc++";
				CLANG_ENABLE_MODULES = YES;
				CLANG_ENABLE_OBJC_ARC = YES;
				CLANG_ENABLE_OBJC_WEAK = YES;
				CLANG_WARN_BLOCK_CAPTURE_AUTORELEASING = YES;
				CLANG_WARN_BOOL_CONVERSION = YES;
				CLANG_WARN_COMMA = YES;
				CLANG_WARN_CONSTANT_CONVERSION = YES;
				CLANG_WARN_DEPRECATED_OBJC_IMPLEMENTATIONS = YES;
				CLANG_WARN_DIRECT_OBJC_ISA_USAGE = YES_ERROR;
				CLANG_WARN_DOCUMENTATION_COMMENTS = YES;
				CLANG_WARN_EMPTY_BODY = YES;
				CLANG_WARN_ENUM_CONVERSION = YES;
				CLANG_WARN_INFINITE_RECURSION = YES;
				CLANG_WARN_INT_CONVERSION = YES;
				CLANG_WARN_NON_LITERAL_NULL_CONVERSION = YES;
				CLANG_WARN_OBJC_IMPLICIT_RETAIN_SELF = YES;
				CLANG_WARN_OBJC_LITERAL_CONVERSION = YES;
				CLANG_WARN_OBJC_ROOT_CLASS = YES_ERROR;
				CLANG_WARN_QUOTED_INCLUDE_IN_FRAMEWORK_HEADER = YES;
				CLANG_WARN_RANGE_LOOP_ANALYSIS = YES;
				CLANG_WARN_STRICT_PROTOTYPES = YES;
				CLANG_WARN_SUSPICIOUS_MOVE = YES;
				CLANG_WARN_UNGUARDED_AVAILABILITY = YES_AGGRESSIVE;
				CLANG_WARN_UNREACHABLE_CODE = YES;
				CLANG_WARN__DUPLICATE_METHOD_MATCH = YES;
				COPY_PHASE_STRIP = NO;
				DEBUG_INFORMATION_FORMAT = "dwarf-with-dsym";
				ENABLE_NS_ASSERTIONS = NO;
				ENABLE_STRICT_OBJC_MSGSEND = YES;
				GCC_C_LANGUAGE_STANDARD = gnu11;
				GCC_NO_COMMON_BLOCKS = YES;
				GCC_WARN_64_TO_32_BIT_CONVERSION = YES;
				GCC_WARN_ABOUT_RETURN_TYPE = YES_ERROR;
				GCC_WARN_UNDECLARED_SELECTOR = YES;
				GCC_WARN_UNINITIALIZED_AUTOS = YES_AGGRESSIVE;
				GCC_WARN_UNUSED_FUNCTION = YES;
				GCC_WARN_UNUSED_VARIABLE = YES;
				IPHONEOS_DEPLOYMENT_TARGET = 14.5;
				MTL_ENABLE_DEBUG_INFO = NO;
				MTL_FAST_MATH = YES;
				SDKROOT = iphoneos;
				SWIFT_COMPILATION_MODE = wholemodule;
				SWIFT_OPTIMIZATION_LEVEL = "-O";
				VALIDATE_PRODUCT = YES;
			};
			name = Release;
		};
		04F9E70C2651819A0010B397 /* Debug */ = {
			isa = XCBuildConfiguration;
			buildSettings = {
				ASSETCATALOG_COMPILER_GLOBAL_ACCENT_COLOR_NAME = AccentColor;
				CODE_SIGN_STYLE = Automatic;
				DEVELOPMENT_TEAM = WT77VV47BZ;
				INFOPLIST_FILE = "ROUGH API2/Info.plist";
				LD_RUNPATH_SEARCH_PATHS = (
					"$(inherited)",
					"@executable_path/Frameworks",
				);
				PRODUCT_BUNDLE_IDENTIFIER = "com.333TreeTechnology.ROUGH-API2";
				PRODUCT_NAME = "$(TARGET_NAME)";
				SWIFT_VERSION = 5.0;
				TARGETED_DEVICE_FAMILY = "1,2";
			};
			name = Debug;
		};
		04F9E70D2651819A0010B397 /* Release */ = {
			isa = XCBuildConfiguration;
			buildSettings = {
				ASSETCATALOG_COMPILER_GLOBAL_ACCENT_COLOR_NAME = AccentColor;
				CODE_SIGN_STYLE = Automatic;
				DEVELOPMENT_TEAM = WT77VV47BZ;
				INFOPLIST_FILE = "ROUGH API2/Info.plist";
				LD_RUNPATH_SEARCH_PATHS = (
					"$(inherited)",
					"@executable_path/Frameworks",
				);
				PRODUCT_BUNDLE_IDENTIFIER = "com.333TreeTechnology.ROUGH-API2";
				PRODUCT_NAME = "$(TARGET_NAME)";
				SWIFT_VERSION = 5.0;
				TARGETED_DEVICE_FAMILY = "1,2";
			};
			name = Release;
		};
/* End XCBuildConfiguration section */

/* Begin XCConfigurationList section */
		04F9E6F2265181950010B397 /* Build configuration list for PBXProject "Cat API Server(complete)" */ = {
			isa = XCConfigurationList;
			buildConfigurations = (
				04F9E7092651819A0010B397 /* Debug */,
				04F9E70A2651819A0010B397 /* Release */,
			);
			defaultConfigurationIsVisible = 0;
			defaultConfigurationName = Release;
		};
		04F9E70B2651819A0010B397 /* Build configuration list for PBXNativeTarget "Cat API Server(complete)" */ = {
			isa = XCConfigurationList;
			buildConfigurations = (
				04F9E70C2651819A0010B397 /* Debug */,
				04F9E70D2651819A0010B397 /* Release */,
			);
			defaultConfigurationIsVisible = 0;
			defaultConfigurationName = Release;
		};
/* End XCConfigurationList section */
	};
	rootObject = 04F9E6EF265181950010B397 /* Project object */;
}
